
Microsoft Visual Studio Solution File, Format Version 12.00
# Visual Studio 15
VisualStudioVersion = 15.0.28307.705
MinimumVisualStudioVersion = 10.0.40219.1
Project("{FAE04EC0-301F-11D3-BF4B-00C04F79EFBC}") = "ass2", "ass2\ass2.csproj", "{9F9350E2-55C2-4A64-94A3-284A03EC391A}"
EndProject
Global
	GlobalSection(SolutionConfigurationPlatforms) = preSolution
		Debug|Any CPU = Debug|Any CPU
		Release|Any CPU = Release|Any CPU
	EndGlobalSection
	GlobalSection(ProjectConfigurationPlatforms) = postSolution
		{9F9350E2-55C2-4A64-94A3-284A03EC391A}.Debug|Any CPU.ActiveCfg = Debug|Any CPU
		{9F9350E2-55C2-4A64-94A3-284A03EC391A}.Debug|Any CPU.Build.0 = Debug|Any CPU
		{9F9350E2-55C2-4A64-94A3-284A03EC391A}.Release|Any CPU.ActiveCfg = Release|Any CPU
		{9F9350E2-55C2-4A64-94A3-284A03EC391A}.Release|Any CPU.Build.0 = Release|Any CPU
	EndGlobalSection
	GlobalSection(SolutionProperties) = preSolution
		HideSolutionNode = FALSE
	EndGlobalSection
	GlobalSection(ExtensibilityGlobals) = postSolution
		SolutionGuid = {AB103B6E-6C99-4FAB-AC30-1299F6F51B89}
	EndGlobalSection
EndGlobal
